lockfileVersion: 5.3

specifiers:
  '@intrnl/stable-stringify': ^0.1.1
  preact: ^10.6.2

dependencies:
  '@intrnl/stable-stringify': 0.1.1

devDependencies:
  preact: 10.6.2

packages:

  /@intrnl/stable-stringify/0.1.1:
    resolution: {integrity: sha512-uvKA+iE1iNFOPfBkZwwz9m95cbgDG6elnSF2oV51D9gbTBtTWPqBsOoODqq5+EvJwj35UuCW+nU1yCgPuJ+aWw==}
    dev: false

  /preact/10.6.2:
    resolution: {integrity: sha512-ppDjurt75nSxyikpyali+uKwRl8CK9N6ntOPovGIEGQagjMLVzEgVqFEsUUyUrqyE9Ch90KE0jmFc9q2QcPLBA==}
    dev: true
